
Microsoft Visual Studio Solution File, Format Version 12.00
Project("{FAE04EC0-301F-11D3-BF4B-00C04F79EFBC}") = "Arvefordeleren", "Arvefordeleren.csproj", "{310CBD11-2BF6-46C7-A09E-2A1A745C222C}"
EndProject
Global
	GlobalSection(SolutionConfigurationPlatforms) = preSolution
		Debug|Any CPU = Debug|Any CPU
		Release|Any CPU = Release|Any CPU
	EndGlobalSection
	GlobalSection(ProjectConfigurationPlatforms) = postSolution
		{310CBD11-2BF6-46C7-A09E-2A1A745C222C}.Debug|Any CPU.ActiveCfg = Debug|Any CPU
		{310CBD11-2BF6-46C7-A09E-2A1A745C222C}.Debug|Any CPU.Build.0 = Debug|Any CPU
		{310CBD11-2BF6-46C7-A09E-2A1A745C222C}.Release|Any CPU.ActiveCfg = Release|Any CPU
		{310CBD11-2BF6-46C7-A09E-2A1A745C222C}.Release|Any CPU.Build.0 = Release|Any CPU
	EndGlobalSection
EndGlobal
